// !$*UTF8*$!
{
	archiveVersion = 1;
	classes = {
	};
	objectVersion = 46;
	objects = {

/* Begin PBXBuildFile section */
		EC40AFB01CAB542C007E4BB9 /* ComposeViewController.swift in Sources */ = {isa = PBXBuildFile; fileRef = EC40AFAF1CAB542C007E4BB9 /* ComposeViewController.swift */; };
		EC64B1D01CBEC47C00ED63D7 /* UIColorExtension.swift in Sources */ = {isa = PBXBuildFile; fileRef = EC64B1CF1CBEC47C00ED63D7 /* UIColorExtension.swift */; };
		EC64B1D21CBF00BB00ED63D7 /* ProfileViewController.swift in Sources */ = {isa = PBXBuildFile; fileRef = EC64B1D11CBF00BB00ED63D7 /* ProfileViewController.swift */; };
		EC64B1D41CC023EB00ED63D7 /* ProfileTweetCell.swift in Sources */ = {isa = PBXBuildFile; fileRef = EC64B1D31CC023EB00ED63D7 /* ProfileTweetCell.swift */; };
		EC7A00141C9C7B4200ADF856 /* WebViewController.swift in Sources */ = {isa = PBXBuildFile; fileRef = EC7A00131C9C7B4200ADF856 /* WebViewController.swift */; };
		EC7AFFD81C99F16100ADF856 /* DetailViewController.swift in Sources */ = {isa = PBXBuildFile; fileRef = EC7AFFD71C99F16100ADF856 /* DetailViewController.swift */; };
		EDD58D161C7CE81500AEFC06 /* AppDelegate.swift in Sources */ = {isa = PBXBuildFile; fileRef = EDD58D151C7CE81500AEFC06 /* AppDelegate.swift */; };
		EDD58D1B1C7CE81500AEFC06 /* Main.storyboard in Resources */ = {isa = PBXBuildFile; fileRef = EDD58D191C7CE81500AEFC06 /* Main.storyboard */; };
		EDD58D1D1C7CE81500AEFC06 /* Assets.xcassets in Resources */ = {isa = PBXBuildFile; fileRef = EDD58D1C1C7CE81500AEFC06 /* Assets.xcassets */; };
		EDD58D201C7CE81500AEFC06 /* LaunchScreen.storyboard in Resources */ = {isa = PBXBuildFile; fileRef = EDD58D1E1C7CE81500AEFC06 /* LaunchScreen.storyboard */; };
		EDD58D2B1C7CE81500AEFC06 /* TwitterClientTests.swift in Sources */ = {isa = PBXBuildFile; fileRef = EDD58D2A1C7CE81500AEFC06 /* TwitterClientTests.swift */; };
		EDD58D361C7CE81500AEFC06 /* TwitterClientUITests.swift in Sources */ = {isa = PBXBuildFile; fileRef = EDD58D351C7CE81500AEFC06 /* TwitterClientUITests.swift */; };
		EDD58D441C7CEFA500AEFC06 /* LoginViewController.swift in Sources */ = {isa = PBXBuildFile; fileRef = EDD58D431C7CEFA500AEFC06 /* LoginViewController.swift */; };
		EDD58D491C7D1DCB00AEFC06 /* User.swift in Sources */ = {isa = PBXBuildFile; fileRef = EDD58D481C7D1DCB00AEFC06 /* User.swift */; };
		EDD58D4B1C7D1DD600AEFC06 /* Tweet.swift in Sources */ = {isa = PBXBuildFile; fileRef = EDD58D4A1C7D1DD600AEFC06 /* Tweet.swift */; };
		EDD58D4D1C7D34ED00AEFC06 /* TwitterClient.swift in Sources */ = {isa = PBXBuildFile; fileRef = EDD58D4C1C7D34ED00AEFC06 /* TwitterClient.swift */; };
		EDD58D4F1C7D452B00AEFC06 /* TweetsViewController.swift in Sources */ = {isa = PBXBuildFile; fileRef = EDD58D4E1C7D452B00AEFC06 /* TweetsViewController.swift */; };
		EDD58D511C863B0D00AEFC06 /* TweetCell.swift in Sources */ = {isa = PBXBuildFile; fileRef = EDD58D501C863B0D00AEFC06 /* TweetCell.swift */; };
		F038AD2AC906083371E43FC7 /* Pods_TwitterClient.framework in Frameworks */ = {isa = PBXBuildFile; fileRef = C0F2C2201DB38CF913E818C3 /* Pods_TwitterClient.framework */; };
/* End PBXBuildFile section */

/* Begin PBXContainerItemProxy section */
		EDD58D271C7CE81500AEFC06 /* PBXContainerItemProxy */ = {
			isa = PBXContainerItemProxy;
			containerPortal = EDD58D0A1C7CE81500AEFC06 /* Project object */;
			proxyType = 1;
			remoteGlobalIDString = EDD58D111C7CE81500AEFC06;
			remoteInfo = TwitterClient;
		};
		EDD58D321C7CE81500AEFC06 /* PBXContainerItemProxy */ = {
			isa = PBXContainerItemProxy;
			containerPortal = EDD58D0A1C7CE81500AEFC06 /* Project object */;
			proxyType = 1;
			remoteGlobalIDString = EDD58D111C7CE81500AEFC06;
			remoteInfo = TwitterClient;
		};
/* End PBXContainerItemProxy section */

/* Begin PBXFileReference section */
		4E4E30A1E23EF3F2232EB9C7 /* Pods-TwitterClient.debug.xcconfig */ = {isa = PBXFileReference; includeInIndex = 1; lastKnownFileType = text.xcconfig; name = "Pods-TwitterClient.debug.xcconfig"; path = "Pods/Target Support Files/Pods-TwitterClient/Pods-TwitterClient.debug.xcconfig"; sourceTree = "<group>"; };
		AB6BCC14045779A4E5EB0314 /* Pods-TwitterClient.release.xcconfig */ = {isa = PBXFileReference; includeInIndex = 1; lastKnownFileType = text.xcconfig; name = "Pods-TwitterClient.release.xcconfig"; path = "Pods/Target Support Files/Pods-TwitterClient/Pods-TwitterClient.release.xcconfig"; sourceTree = "<group>"; };
		C0F2C2201DB38CF913E818C3 /* Pods_TwitterClient.framework */ = {isa = PBXFileReference; explicitFileType = wrapper.framework; includeInIndex = 0; path = Pods_TwitterClient.framework; sourceTree = BUILT_PRODUCTS_DIR; };
		EC40AFAF1CAB542C007E4BB9 /* ComposeViewController.swift */ = {isa = PBXFileReference; fileEncoding = 4; lastKnownFileType = sourcecode.swift; path = ComposeViewController.swift; sourceTree = "<group>"; };
		EC64B1CF1CBEC47C00ED63D7 /* UIColorExtension.swift */ = {isa = PBXFileReference; fileEncoding = 4; lastKnownFileType = sourcecode.swift; path = UIColorExtension.swift; sourceTree = "<group>"; };
		EC64B1D11CBF00BB00ED63D7 /* ProfileViewController.swift */ = {isa = PBXFileReference; fileEncoding = 4; lastKnownFileType = sourcecode.swift; path = ProfileViewController.swift; sourceTree = "<group>"; };
		EC64B1D31CC023EB00ED63D7 /* ProfileTweetCell.swift */ = {isa = PBXFileReference; fileEncoding = 4; lastKnownFileType = sourcecode.swift; path = ProfileTweetCell.swift; sourceTree = "<group>"; };
		EC7A00131C9C7B4200ADF856 /* WebViewController.swift */ = {isa = PBXFileReference; fileEncoding = 4; lastKnownFileType = sourcecode.swift; path = WebViewController.swift; sourceTree = "<group>"; };
		EC7AFFD71C99F16100ADF856 /* DetailViewController.swift */ = {isa = PBXFileReference; fileEncoding = 4; lastKnownFileType = sourcecode.swift; path = DetailViewController.swift; sourceTree = "<group>"; };
		EDD58D121C7CE81500AEFC06 /* TwitterClient.app */ = {isa = PBXFileReference; explicitFileType = wrapper.application; includeInIndex = 0; path = TwitterClient.app; sourceTree = BUILT_PRODUCTS_DIR; };
		EDD58D151C7CE81500AEFC06 /* AppDelegate.swift */ = {isa = PBXFileReference; lastKnownFileType = sourcecode.swift; path = AppDelegate.swift; sourceTree = "<group>"; };
		EDD58D1A1C7CE81500AEFC06 /* Base */ = {isa = PBXFileReference; lastKnownFileType = file.storyboard; name = Base; path = Base.lproj/Main.storyboard; sourceTree = "<group>"; };
		EDD58D1C1C7CE81500AEFC06 /* Assets.xcassets */ = {isa = PBXFileReference; lastKnownFileType = folder.assetcatalog; path = Assets.xcassets; sourceTree = "<group>"; };
		EDD58D1F1C7CE81500AEFC06 /* Base */ = {isa = PBXFileReference; lastKnownFileType = file.storyboard; name = Base; path = Base.lproj/LaunchScreen.storyboard; sourceTree = "<group>"; };
		EDD58D211C7CE81500AEFC06 /* Info.plist */ = {isa = PBXFileReference; lastKnownFileType = text.plist.xml; path = Info.plist; sourceTree = "<group>"; };
		EDD58D261C7CE81500AEFC06 /* TwitterClientTests.xctest */ = {isa = PBXFileReference; explicitFileType = wrapper.cfbundle; includeInIndex = 0; path = TwitterClientTests.xctest; sourceTree = BUILT_PRODUCTS_DIR; };
		EDD58D2A1C7CE81500AEFC06 /* TwitterClientTests.swift */ = {isa = PBXFileReference; lastKnownFileType = sourcecode.swift; path = TwitterClientTests.swift; sourceTree = "<group>"; };
		EDD58D2C1C7CE81500AEFC06 /* Info.plist */ = {isa = PBXFileReference; lastKnownFileType = text.plist.xml; path = Info.plist; sourceTree = "<group>"; };
		EDD58D311C7CE81500AEFC06 /* TwitterClientUITests.xctest */ = {isa = PBXFileReference; explicitFileType = wrapper.cfbundle; includeInIndex = 0; path = TwitterClientUITests.xctest; sourceTree = BUILT_PRODUCTS_DIR; };
		EDD58D351C7CE81500AEFC06 /* TwitterClientUITests.swift */ = {isa = PBXFileReference; lastKnownFileType = sourcecode.swift; path = TwitterClientUITests.swift; sourceTree = "<group>"; };
		EDD58D371C7CE81500AEFC06 /* Info.plist */ = {isa = PBXFileReference; lastKnownFileType = text.plist.xml; path = Info.plist; sourceTree = "<group>"; };
		EDD58D431C7CEFA500AEFC06 /* LoginViewController.swift */ = {isa = PBXFileReference; fileEncoding = 4; lastKnownFileType = sourcecode.swift; path = LoginViewController.swift; sourceTree = "<group>"; };
		EDD58D481C7D1DCB00AEFC06 /* User.swift */ = {isa = PBXFileReference; fileEncoding = 4; lastKnownFileType = sourcecode.swift; path = User.swift; sourceTree = "<group>"; };
		EDD58D4A1C7D1DD600AEFC06 /* Tweet.swift */ = {isa = PBXFileReference; fileEncoding = 4; lastKnownFileType = sourcecode.swift; path = Tweet.swift; sourceTree = "<group>"; };
		EDD58D4C1C7D34ED00AEFC06 /* TwitterClient.swift */ = {isa = PBXFileReference; fileEncoding = 4; lastKnownFileType = sourcecode.swift; path = TwitterClient.swift; sourceTree = "<group>"; };
		EDD58D4E1C7D452B00AEFC06 /* TweetsViewController.swift */ = {isa = PBXFileReference; fileEncoding = 4; lastKnownFileType = sourcecode.swift; path = TweetsViewController.swift; sourceTree = "<group>"; };
		EDD58D501C863B0D00AEFC06 /* TweetCell.swift */ = {isa = PBXFileReference; fileEncoding = 4; lastKnownFileType = sourcecode.swift; path = TweetCell.swift; sourceTree = "<group>"; };
/* End PBXFileReference section */

/* Begin PBXFrameworksBuildPhase section */
		EDD58D0F1C7CE81500AEFC06 /* Frameworks */ = {
			isa = PBXFrameworksBuildPhase;
			buildActionMask = 2147483647;
			files = (
				F038AD2AC906083371E43FC7 /* Pods_TwitterClient.framework in Frameworks */,
			);
			runOnlyForDeploymentPostprocessing = 0;
		};
		EDD58D231C7CE81500AEFC06 /* Frameworks */ = {
			isa = PBXFrameworksBuildPhase;
			buildActionMask = 2147483647;
			files = (
			);
			runOnlyForDeploymentPostprocessing = 0;
		};
		EDD58D2E1C7CE81500AEFC06 /* Frameworks */ = {
			isa = PBXFrameworksBuildPhase;
			buildActionMask = 2147483647;
			files = (
			);
			runOnlyForDeploymentPostprocessing = 0;
		};
/* End PBXFrameworksBuildPhase section */

/* Begin PBXGroup section */
		26E3110F35E0115267C46458 /* Pods */ = {
			isa = PBXGroup;
			children = (
				4E4E30A1E23EF3F2232EB9C7 /* Pods-TwitterClient.debug.xcconfig */,
				AB6BCC14045779A4E5EB0314 /* Pods-TwitterClient.release.xcconfig */,
			);
			name = Pods;
			sourceTree = "<group>";
		};
		C22C34991C5834A2BE28AA78 /* Frameworks */ = {
			isa = PBXGroup;
			children = (
				C0F2C2201DB38CF913E818C3 /* Pods_TwitterClient.framework */,
			);
			name = Frameworks;
			sourceTree = "<group>";
		};
		EC64B1CE1CBEC44900ED63D7 /* Extensions */ = {
			isa = PBXGroup;
			children = (
				EC64B1CF1CBEC47C00ED63D7 /* UIColorExtension.swift */,
			);
			name = Extensions;
			sourceTree = "<group>";
		};
		EDD58D091C7CE81500AEFC06 = {
			isa = PBXGroup;
			children = (
				EDD58D141C7CE81500AEFC06 /* TwitterClient */,
				EDD58D291C7CE81500AEFC06 /* TwitterClientTests */,
				EDD58D341C7CE81500AEFC06 /* TwitterClientUITests */,
				EDD58D131C7CE81500AEFC06 /* Products */,
				26E3110F35E0115267C46458 /* Pods */,
				C22C34991C5834A2BE28AA78 /* Frameworks */,
			);
			sourceTree = "<group>";
		};
		EDD58D131C7CE81500AEFC06 /* Products */ = {
			isa = PBXGroup;
			children = (
				EDD58D121C7CE81500AEFC06 /* TwitterClient.app */,
				EDD58D261C7CE81500AEFC06 /* TwitterClientTests.xctest */,
				EDD58D311C7CE81500AEFC06 /* TwitterClientUITests.xctest */,
			);
			name = Products;
			sourceTree = "<group>";
		};
		EDD58D141C7CE81500AEFC06 /* TwitterClient */ = {
			isa = PBXGroup;
			children = (
				EC64B1CE1CBEC44900ED63D7 /* Extensions */,
				EDD58D521C863B1700AEFC06 /* Views */,
				EDD58D471C7D1D9600AEFC06 /* API */,
				EDD58D461C7D1D8500AEFC06 /* Models */,
				EDD58D451C7D1D7900AEFC06 /* View Controllers */,
				EDD58D151C7CE81500AEFC06 /* AppDelegate.swift */,
				EDD58D191C7CE81500AEFC06 /* Main.storyboard */,
				EDD58D1C1C7CE81500AEFC06 /* Assets.xcassets */,
				EDD58D1E1C7CE81500AEFC06 /* LaunchScreen.storyboard */,
				EDD58D211C7CE81500AEFC06 /* Info.plist */,
			);
			path = TwitterClient;
			sourceTree = "<group>";
		};
		EDD58D291C7CE81500AEFC06 /* TwitterClientTests */ = {
			isa = PBXGroup;
			children = (
				EDD58D2A1C7CE81500AEFC06 /* TwitterClientTests.swift */,
				EDD58D2C1C7CE81500AEFC06 /* Info.plist */,
			);
			path = TwitterClientTests;
			sourceTree = "<group>";
		};
		EDD58D341C7CE81500AEFC06 /* TwitterClientUITests */ = {
			isa = PBXGroup;
			children = (
				EDD58D351C7CE81500AEFC06 /* TwitterClientUITests.swift */,
				EDD58D371C7CE81500AEFC06 /* Info.plist */,
			);
			path = TwitterClientUITests;
			sourceTree = "<group>";
		};
		EDD58D451C7D1D7900AEFC06 /* View Controllers */ = {
			isa = PBXGroup;
			children = (
				EDD58D431C7CEFA500AEFC06 /* LoginViewController.swift */,
				EDD58D4E1C7D452B00AEFC06 /* TweetsViewController.swift */,
				EC7AFFD71C99F16100ADF856 /* DetailViewController.swift */,
				EC7A00131C9C7B4200ADF856 /* WebViewController.swift */,
				EC40AFAF1CAB542C007E4BB9 /* ComposeViewController.swift */,
				EC64B1D11CBF00BB00ED63D7 /* ProfileViewController.swift */,
			);
			name = "View Controllers";
			sourceTree = "<group>";
		};
		EDD58D461C7D1D8500AEFC06 /* Models */ = {
			isa = PBXGroup;
			children = (
				EDD58D481C7D1DCB00AEFC06 /* User.swift */,
				EDD58D4A1C7D1DD600AEFC06 /* Tweet.swift */,
			);
			name = Models;
			sourceTree = "<group>";
		};
		EDD58D471C7D1D9600AEFC06 /* API */ = {
			isa = PBXGroup;
			children = (
				EDD58D4C1C7D34ED00AEFC06 /* TwitterClient.swift */,
			);
			name = API;
			sourceTree = "<group>";
		};
		EDD58D521C863B1700AEFC06 /* Views */ = {
			isa = PBXGroup;
			children = (
				EDD58D501C863B0D00AEFC06 /* TweetCell.swift */,
				EC64B1D31CC023EB00ED63D7 /* ProfileTweetCell.swift */,
			);
			name = Views;
			sourceTree = "<group>";
		};
/* End PBXGroup section */

/* Begin PBXNativeTarget section */
		EDD58D111C7CE81500AEFC06 /* TwitterClient */ = {
			isa = PBXNativeTarget;
			buildConfigurationList = EDD58D3A1C7CE81500AEFC06 /* Build configuration list for PBXNativeTarget "TwitterClient" */;
			buildPhases = (
				FFDFA3AAE4141712177553DB /* Check Pods Manifest.lock */,
				EDD58D0E1C7CE81500AEFC06 /* Sources */,
				EDD58D0F1C7CE81500AEFC06 /* Frameworks */,
				EDD58D101C7CE81500AEFC06 /* Resources */,
				866BA22FBAB1A74BD650DEBC /* Embed Pods Frameworks */,
				E3507A6A71D44B0E8494CCC7 /* Copy Pods Resources */,
			);
			buildRules = (
			);
			dependencies = (
			);
			name = TwitterClient;
			productName = TwitterClient;
			productReference = EDD58D121C7CE81500AEFC06 /* TwitterClient.app */;
			productType = "com.apple.product-type.application";
		};
		EDD58D251C7CE81500AEFC06 /* TwitterClientTests */ = {
			isa = PBXNativeTarget;
			buildConfigurationList = EDD58D3D1C7CE81500AEFC06 /* Build configuration list for PBXNativeTarget "TwitterClientTests" */;
			buildPhases = (
				EDD58D221C7CE81500AEFC06 /* Sources */,
				EDD58D231C7CE81500AEFC06 /* Frameworks */,
				EDD58D241C7CE81500AEFC06 /* Resources */,
			);
			buildRules = (
			);
			dependencies = (
				EDD58D281C7CE81500AEFC06 /* PBXTargetDependency */,
			);
			name = TwitterClientTests;
			productName = TwitterClientTests;
			productReference = EDD58D261C7CE81500AEFC06 /* TwitterClientTests.xctest */;
			productType = "com.apple.product-type.bundle.unit-test";
		};
		EDD58D301C7CE81500AEFC06 /* TwitterClientUITests */ = {
			isa = PBXNativeTarget;
			buildConfigurationList = EDD58D401C7CE81500AEFC06 /* Build configuration list for PBXNativeTarget "TwitterClientUITests" */;
			buildPhases = (
				EDD58D2D1C7CE81500AEFC06 /* Sources */,
				EDD58D2E1C7CE81500AEFC06 /* Frameworks */,
				EDD58D2F1C7CE81500AEFC06 /* Resources */,
			);
			buildRules = (
			);
			dependencies = (
				EDD58D331C7CE81500AEFC06 /* PBXTargetDependency */,
			);
			name = TwitterClientUITests;
			productName = TwitterClientUITests;
			productReference = EDD58D311C7CE81500AEFC06 /* TwitterClientUITests.xctest */;
			productType = "com.apple.product-type.bundle.ui-testing";
		};
/* End PBXNativeTarget section */

/* Begin PBXProject section */
		EDD58D0A1C7CE81500AEFC06 /* Project object */ = {
			isa = PBXProject;
			attributes = {
				LastSwiftUpdateCheck = 0720;
				LastUpgradeCheck = 0720;
				ORGANIZATIONNAME = "Charles Hieger";
				TargetAttributes = {
					EDD58D111C7CE81500AEFC06 = {
						CreatedOnToolsVersion = 7.2;
						DevelopmentTeam = CBXAQN69JX;
					};
					EDD58D251C7CE81500AEFC06 = {
						CreatedOnToolsVersion = 7.2;
						TestTargetID = EDD58D111C7CE81500AEFC06;
					};
					EDD58D301C7CE81500AEFC06 = {
						CreatedOnToolsVersion = 7.2;
						TestTargetID = EDD58D111C7CE81500AEFC06;
					};
				};
			};
			buildConfigurationList = EDD58D0D1C7CE81500AEFC06 /* Build configuration list for PBXProject "TwitterClient" */;
			compatibilityVersion = "Xcode 3.2";
			developmentRegion = English;
			hasScannedForEncodings = 0;
			knownRegions = (
				en,
				Base,
			);
			mainGroup = EDD58D091C7CE81500AEFC06;
			productRefGroup = EDD58D131C7CE81500AEFC06 /* Products */;
			projectDirPath = "";
			projectRoot = "";
			targets = (
				EDD58D111C7CE81500AEFC06 /* TwitterClient */,
				EDD58D251C7CE81500AEFC06 /* TwitterClientTests */,
				EDD58D301C7CE81500AEFC06 /* TwitterClientUITests */,
			);
		};
/* End PBXProject section */

/* Begin PBXResourcesBuildPhase section */
		EDD58D101C7CE81500AEFC06 /* Resources */ = {
			isa = PBXResourcesBuildPhase;
			buildActionMask = 2147483647;
			files = (
				EDD58D201C7CE81500AEFC06 /* LaunchScreen.storyboard in Resources */,
				EDD58D1D1C7CE81500AEFC06 /* Assets.xcassets in Resources */,
				EDD58D1B1C7CE81500AEFC06 /* Main.storyboard in Resources */,
			);
			runOnlyForDeploymentPostprocessing = 0;
		};
		EDD58D241C7CE81500AEFC06 /* Resources */ = {
			isa = PBXResourcesBuildPhase;
			buildActionMask = 2147483647;
			files = (
			);
			runOnlyForDeploymentPostprocessing = 0;
		};
		EDD58D2F1C7CE81500AEFC06 /* Resources */ = {
			isa = PBXResourcesBuildPhase;
			buildActionMask = 2147483647;
			files = (
			);
			runOnlyForDeploymentPostprocessing = 0;
		};
/* End PBXResourcesBuildPhase section */

/* Begin PBXShellScriptBuildPhase section */
		866BA22FBAB1A74BD650DEBC /* Embed Pods Frameworks */ = {
			isa = PBXShellScriptBuildPhase;
			buildActionMask = 2147483647;
			files = (
			);
			inputPaths = (
			);
			name = "Embed Pods Frameworks";
			outputPaths = (
			);
			runOnlyForDeploymentPostprocessing = 0;
			shellPath = /bin/sh;
			shellScript = "\"${SRCROOT}/Pods/Target Support Files/Pods-TwitterClient/Pods-TwitterClient-frameworks.sh\"\n";
			showEnvVarsInLog = 0;
		};
		E3507A6A71D44B0E8494CCC7 /* Copy Pods Resources */ = {
			isa = PBXShellScriptBuildPhase;
			buildActionMask = 2147483647;
			files = (
			);
			inputPaths = (
			);
			name = "Copy Pods Resources";
			outputPaths = (
			);
			runOnlyForDeploymentPostprocessing = 0;
			shellPath = /bin/sh;
			shellScript = "\"${SRCROOT}/Pods/Target Support Files/Pods-TwitterClient/Pods-TwitterClient-resources.sh\"\n";
			showEnvVarsInLog = 0;
		};
		FFDFA3AAE4141712177553DB /* Check Pods Manifest.lock */ = {
			isa = PBXShellScriptBuildPhase;
			buildActionMask = 2147483647;
			files = (
			);
			inputPaths = (
			);
			name = "Check Pods Manifest.lock";
			outputPaths = (
			);
			runOnlyForDeploymentPostprocessing = 0;
			shellPath = /bin/sh;
			shellScript = "diff \"${PODS_ROOT}/../Podfile.lock\" \"${PODS_ROOT}/Manifest.lock\" > /dev/null\nif [[ $? != 0 ]] ; then\n    cat << EOM\nerror: The sandbox is not in sync with the Podfile.lock. Run 'pod install' or update your CocoaPods installation.\nEOM\n    exit 1\nfi\n";
			showEnvVarsInLog = 0;
		};
/* End PBXShellScriptBuildPhase section */

/* Begin PBXSourcesBuildPhase section */
		EDD58D0E1C7CE81500AEFC06 /* Sources */ = {
			isa = PBXSourcesBuildPhase;
			buildActionMask = 2147483647;
			files = (
				EDD58D4D1C7D34ED00AEFC06 /* TwitterClient.swift in Sources */,
				EC7A00141C9C7B4200ADF856 /* WebViewController.swift in Sources */,
				EDD58D511C863B0D00AEFC06 /* TweetCell.swift in Sources */,
				EDD58D441C7CEFA500AEFC06 /* LoginViewController.swift in Sources */,
				EDD58D4F1C7D452B00AEFC06 /* TweetsViewController.swift in Sources */,
				EC40AFB01CAB542C007E4BB9 /* ComposeViewController.swift in Sources */,
				EC64B1D21CBF00BB00ED63D7 /* ProfileViewController.swift in Sources */,
				EDD58D161C7CE81500AEFC06 /* AppDelegate.swift in Sources */,
				EDD58D491C7D1DCB00AEFC06 /* User.swift in Sources */,
				EC64B1D01CBEC47C00ED63D7 /* UIColorExtension.swift in Sources */,
				EDD58D4B1C7D1DD600AEFC06 /* Tweet.swift in Sources */,
				EC64B1D41CC023EB00ED63D7 /* ProfileTweetCell.swift in Sources */,
				EC7AFFD81C99F16100ADF856 /* DetailViewController.swift in Sources */,
			);
			runOnlyForDeploymentPostprocessing = 0;
		};
		EDD58D221C7CE81500AEFC06 /* Sources */ = {
			isa = PBXSourcesBuildPhase;
			buildActionMask = 2147483647;
			files = (
				EDD58D2B1C7CE81500AEFC06 /* TwitterClientTests.swift in Sources */,
			);
			runOnlyForDeploymentPostprocessing = 0;
		};
		EDD58D2D1C7CE81500AEFC06 /* Sources */ = {
			isa = PBXSourcesBuildPhase;
			buildActionMask = 2147483647;
			files = (
				EDD58D361C7CE81500AEFC06 /* TwitterClientUITests.swift in Sources */,
			);
			runOnlyForDeploymentPostprocessing = 0;
		};
/* End PBXSourcesBuildPhase section */

/* Begin PBXTargetDependency section */
		EDD58D281C7CE81500AEFC06 /* PBXTargetDependency */ = {
			isa = PBXTargetDependency;
			target = EDD58D111C7CE81500AEFC06 /* TwitterClient */;
			targetProxy = EDD58D271C7CE81500AEFC06 /* PBXContainerItemProxy */;
		};
		EDD58D331C7CE81500AEFC06 /* PBXTargetDependency */ = {
			isa = PBXTargetDependency;
			target = EDD58D111C7CE81500AEFC06 /* TwitterClient */;
			targetProxy = EDD58D321C7CE81500AEFC06 /* PBXContainerItemProxy */;
		};
/* End PBXTargetDependency section */

/* Begin PBXVariantGroup section */
		EDD58D191C7CE81500AEFC06 /* Main.storyboard */ = {
			isa = PBXVariantGroup;
			children = (
				EDD58D1A1C7CE81500AEFC06 /* Base */,
			);
			name = Main.storyboard;
			sourceTree = "<group>";
		};
		EDD58D1E1C7CE81500AEFC06 /* LaunchScreen.storyboard */ = {
			isa = PBXVariantGroup;
			children = (
				EDD58D1F1C7CE81500AEFC06 /* Base */,
			);
			name = LaunchScreen.storyboard;
			sourceTree = "<group>";
		};
/* End PBXVariantGroup section */

/* Begin XCBuildConfiguration section */
		EDD58D381C7CE81500AEFC06 /* Debug */ = {
			isa = XCBuildConfiguration;
			buildSettings = {
				ALWAYS_SEARCH_USER_PATHS = NO;
				CLANG_CXX_LANGUAGE_STANDARD = "gnu++0x";
				CLANG_CXX_LIBRARY = "libc++";
				CLANG_ENABLE_MODULES = YES;
				CLANG_ENABLE_OBJC_ARC = YES;
				CLANG_WARN_BOOL_CONVERSION = YES;
				CLANG_WARN_CONSTANT_CONVERSION = YES;
				CLANG_WARN_DIRECT_OBJC_ISA_USAGE = YES_ERROR;
				CLANG_WARN_EMPTY_BODY = YES;
				CLANG_WARN_ENUM_CONVERSION = YES;
				CLANG_WARN_INT_CONVERSION = YES;
				CLANG_WARN_OBJC_ROOT_CLASS = YES_ERROR;
				CLANG_WARN_UNREACHABLE_CODE = YES;
				CLANG_WARN__DUPLICATE_METHOD_MATCH = YES;
				"CODE_SIGN_IDENTITY[sdk=iphoneos*]" = "iPhone Developer";
				COPY_PHASE_STRIP = NO;
				DEBUG_INFORMATION_FORMAT = dwarf;
				ENABLE_STRICT_OBJC_MSGSEND = YES;
				ENABLE_TESTABILITY = YES;
				GCC_C_LANGUAGE_STANDARD = gnu99;
				GCC_DYNAMIC_NO_PIC = NO;
				GCC_NO_COMMON_BLOCKS = YES;
				GCC_OPTIMIZATION_LEVEL = 0;
				GCC_PREPROCESSOR_DEFINITIONS = (
					"DEBUG=1",
					"$(inherited)",
				);
				GCC_WARN_64_TO_32_BIT_CONVERSION = YES;
				GCC_WARN_ABOUT_RETURN_TYPE = YES_ERROR;
				GCC_WARN_UNDECLARED_SELECTOR = YES;
				GCC_WARN_UNINITIALIZED_AUTOS = YES_AGGRESSIVE;
				GCC_WARN_UNUSED_FUNCTION = YES;
				GCC_WARN_UNUSED_VARIABLE = YES;
				IPHONEOS_DEPLOYMENT_TARGET = 9.2;
				MTL_ENABLE_DEBUG_INFO = YES;
				ONLY_ACTIVE_ARCH = YES;
				SDKROOT = iphoneos;
				SWIFT_OPTIMIZATION_LEVEL = "-Onone";
				TARGETED_DEVICE_FAMILY = "1,2";
			};
			name = Debug;
		};
		EDD58D391C7CE81500AEFC06 /* Release */ = {
			isa = XCBuildConfiguration;
			buildSettings = {
				ALWAYS_SEARCH_USER_PATHS = NO;
				CLANG_CXX_LANGUAGE_STANDARD = "gnu++0x";
				CLANG_CXX_LIBRARY = "libc++";
				CLANG_ENABLE_MODULES = YES;
				CLANG_ENABLE_OBJC_ARC = YES;
				CLANG_WARN_BOOL_CONVERSION = YES;
				CLANG_WARN_CONSTANT_CONVERSION = YES;
				CLANG_WARN_DIRECT_OBJC_ISA_USAGE = YES_ERROR;
				CLANG_WARN_EMPTY_BODY = YES;
				CLANG_WARN_ENUM_CONVERSION = YES;
				CLANG_WARN_INT_CONVERSION = YES;
				CLANG_WARN_OBJC_ROOT_CLASS = YES_ERROR;
				CLANG_WARN_UNREACHABLE_CODE = YES;
				CLANG_WARN__DUPLICATE_METHOD_MATCH = YES;
				"CODE_SIGN_IDENTITY[sdk=iphoneos*]" = "iPhone Developer";
				COPY_PHASE_STRIP = NO;
				DEBUG_INFORMATION_FORMAT = "dwarf-with-dsym";
				ENABLE_NS_ASSERTIONS = NO;
				ENABLE_STRICT_OBJC_MSGSEND = YES;
				GCC_C_LANGUAGE_STANDARD = gnu99;
				GCC_NO_COMMON_BLOCKS = YES;
				GCC_WARN_64_TO_32_BIT_CONVERSION = YES;
				GCC_WARN_ABOUT_RETURN_TYPE = YES_ERROR;
				GCC_WARN_UNDECLARED_SELECTOR = YES;
				GCC_WARN_UNINITIALIZED_AUTOS = YES_AGGRESSIVE;
				GCC_WARN_UNUSED_FUNCTION = YES;
				GCC_WARN_UNUSED_VARIABLE = YES;
				IPHONEOS_DEPLOYMENT_TARGET = 9.2;
				MTL_ENABLE_DEBUG_INFO = NO;
				SDKROOT = iphoneos;
				TARGETED_DEVICE_FAMILY = "1,2";
				VALIDATE_PRODUCT = YES;
			};
			name = Release;
		};
		EDD58D3B1C7CE81500AEFC06 /* Debug */ = {
			isa = XCBuildConfiguration;
			baseConfigurationReference = 4E4E30A1E23EF3F2232EB9C7 /* Pods-TwitterClient.debug.xcconfig */;
			buildSettings = {
				ASSETCATALOG_COMPILER_APPICON_NAME = AppIcon;
				CODE_SIGN_IDENTITY = "iPhone Developer";
				"CODE_SIGN_IDENTITY[sdk=iphoneos*]" = "iPhone Developer";
				INFOPLIST_FILE = TwitterClient/Info.plist;
				LD_RUNPATH_SEARCH_PATHS = "$(inherited) @executable_path/Frameworks";
				PRODUCT_BUNDLE_IDENTIFIER = codePath.com.TwitterClient;
				PRODUCT_NAME = "$(TARGET_NAME)";
				PROVISIONING_PROFILE = "";
			};
			name = Debug;
		};
		EDD58D3C1C7CE81500AEFC06 /* Release */ = {
			isa = XCBuildConfiguration;
			baseConfigurationReference = AB6BCC14045779A4E5EB0314 /* Pods-TwitterClient.release.xcconfig */;
			buildSettings = {
				ASSETCATALOG_COMPILER_APPICON_NAME = AppIcon;
				CODE_SIGN_IDENTITY = "iPhone Developer";
				"CODE_SIGN_IDENTITY[sdk=iphoneos*]" = "iPhone Developer";
				INFOPLIST_FILE = TwitterClient/Info.plist;
				LD_RUNPATH_SEARCH_PATHS = "$(inherited) @executable_path/Frameworks";
				PRODUCT_BUNDLE_IDENTIFIER = codePath.com.TwitterClient;
				PRODUCT_NAME = "$(TARGET_NAME)";
				PROVISIONING_PROFILE = "";
			};
			name = Release;
		};
		EDD58D3E1C7CE81500AEFC06 /* Debug */ = {
			isa = XCBuildConfiguration;
			buildSettings = {
				BUNDLE_LOADER = "$(TEST_HOST)";
				INFOPLIST_FILE = TwitterClientTests/Info.plist;
				LD_RUNPATH_SEARCH_PATHS = "$(inherited) @executable_path/Frameworks @loader_path/Frameworks";
				PRODUCT_BUNDLE_IDENTIFIER = codePath.com.TwitterClientTests;
				PRODUCT_NAME = "$(TARGET_NAME)";
				TEST_HOST = "$(BUILT_PRODUCTS_DIR)/TwitterClient.app/TwitterClient";
			};
			name = Debug;
		};
		EDD58D3F1C7CE81500AEFC06 /* Release */ = {
			isa = XCBuildConfiguration;
			buildSettings = {
				BUNDLE_LOADER = "$(TEST_HOST)";
				INFOPLIST_FILE = TwitterClientTests/Info.plist;
				LD_RUNPATH_SEARCH_PATHS = "$(inherited) @executable_path/Frameworks @loader_path/Frameworks";
				PRODUCT_BUNDLE_IDENTIFIER = codePath.com.TwitterClientTests;
				PRODUCT_NAME = "$(TARGET_NAME)";
				TEST_HOST = "$(BUILT_PRODUCTS_DIR)/TwitterClient.app/TwitterClient";
			};
			name = Release;
		};
		EDD58D411C7CE81500AEFC06 /* Debug */ = {
			isa = XCBuildConfiguration;
			buildSettings = {
				INFOPLIST_FILE = TwitterClientUITests/Info.plist;
				LD_RUNPATH_SEARCH_PATHS = "$(inherited) @executable_path/Frameworks @loader_path/Frameworks";
				PRODUCT_BUNDLE_IDENTIFIER = codePath.com.TwitterClientUITests;
				PRODUCT_NAME = "$(TARGET_NAME)";
				TEST_TARGET_NAME = TwitterClient;
				USES_XCTRUNNER = YES;
			};
			name = Debug;
		};
		EDD58D421C7CE81500AEFC06 /* Release */ = {
			isa = XCBuildConfiguration;
			buildSettings = {
				INFOPLIST_FILE = TwitterClientUITests/Info.plist;
				LD_RUNPATH_SEARCH_PATHS = "$(inherited) @executable_path/Frameworks @loader_path/Frameworks";
				PRODUCT_BUNDLE_IDENTIFIER = codePath.com.TwitterClientUITests;
				PRODUCT_NAME = "$(TARGET_NAME)";
				TEST_TARGET_NAME = TwitterClient;
				USES_XCTRUNNER = YES;
			};
			name = Release;
		};
/* End XCBuildConfiguration section */

/* Begin XCConfigurationList section */
		EDD58D0D1C7CE81500AEFC06 /* Build configuration list for PBXProject "TwitterClient" */ = {
			isa = XCConfigurationList;
			buildConfigurations = (
				EDD58D381C7CE81500AEFC06 /* Debug */,
				EDD58D391C7CE81500AEFC06 /* Release */,
			);
			defaultConfigurationIsVisible = 0;
			defaultConfigurationName = Release;
		};
		EDD58D3A1C7CE81500AEFC06 /* Build configuration list for PBXNativeTarget "TwitterClient" */ = {
			isa = XCConfigurationList;
			buildConfigurations = (
				EDD58D3B1C7CE81500AEFC06 /* Debug */,
				EDD58D3C1C7CE81500AEFC06 /* Release */,
			);
			defaultConfigurationIsVisible = 0;
			defaultConfigurationName = Release;
		};
		EDD58D3D1C7CE81500AEFC06 /* Build configuration list for PBXNativeTarget "TwitterClientTests" */ = {
			isa = XCConfigurationList;
			buildConfigurations = (
				EDD58D3E1C7CE81500AEFC06 /* Debug */,
				EDD58D3F1C7CE81500AEFC06 /* Release */,
			);
			defaultConfigurationIsVisible = 0;
			defaultConfigurationName = Release;
		};
		EDD58D401C7CE81500AEFC06 /* Build configuration list for PBXNativeTarget "TwitterClientUITests" */ = {
			isa = XCConfigurationList;
			buildConfigurations = (
				EDD58D411C7CE81500AEFC06 /* Debug */,
				EDD58D421C7CE81500AEFC06 /* Release */,
			);
			defaultConfigurationIsVisible = 0;
			defaultConfigurationName = Release;
		};
/* End XCConfigurationList section */
	};
	rootObject = EDD58D0A1C7CE81500AEFC06 /* Project object */;
}
